
Microsoft Visual Studio Solution File, Format Version 11.00
# Visual Studio 2010
Project("{FAE04EC0-301F-11D3-BF4B-00C04F79EFBC}") = "Brillinatech.Warehouse.PrintServiceLib", "Brillinatech.Warehouse.PrintServiceLib\Brillinatech.Warehouse.PrintServiceLib.csproj", "{DF717DDC-317E-4EB5-B9F3-AB247FD9CE00}"
EndProject
Project("{FAE04EC0-301F-11D3-BF4B-00C04F79EFBC}") = "Brillinatech.Warehouse.PrintServiceHost", "Brillinatech.Warehouse.PrintServiceHost\Brillinatech.Warehouse.PrintServiceHost.csproj", "{4F12BB4A-7247-43F4-928D-46667F0D8B47}"
EndProject
Global
	GlobalSection(SolutionConfigurationPlatforms) = preSolution
		Debug|Any CPU = Debug|Any CPU
		Debug|Mixed Platforms = Debug|Mixed Platforms
		Debug|x86 = Debug|x86
		Release|Any CPU = Release|Any CPU
		Release|Mixed Platforms = Release|Mixed Platforms
		Release|x86 = Release|x86
	EndGlobalSection
	GlobalSection(ProjectConfigurationPlatforms) = postSolution
		{DF717DDC-317E-4EB5-B9F3-AB247FD9CE00}.Debug|Any CPU.ActiveCfg = Debug|Any CPU
		{DF717DDC-317E-4EB5-B9F3-AB247FD9CE00}.Debug|Any CPU.Build.0 = Debug|Any CPU
		{DF717DDC-317E-4EB5-B9F3-AB247FD9CE00}.Debug|Mixed Platforms.ActiveCfg = Debug|Any CPU
		{DF717DDC-317E-4EB5-B9F3-AB247FD9CE00}.Debug|Mixed Platforms.Build.0 = Debug|Any CPU
		{DF717DDC-317E-4EB5-B9F3-AB247FD9CE00}.Debug|x86.ActiveCfg = Debug|Any CPU
		{DF717DDC-317E-4EB5-B9F3-AB247FD9CE00}.Release|Any CPU.ActiveCfg = Release|Any CPU
		{DF717DDC-317E-4EB5-B9F3-AB247FD9CE00}.Release|Any CPU.Build.0 = Release|Any CPU
		{DF717DDC-317E-4EB5-B9F3-AB247FD9CE00}.Release|Mixed Platforms.ActiveCfg = Release|Any CPU
		{DF717DDC-317E-4EB5-B9F3-AB247FD9CE00}.Release|Mixed Platforms.Build.0 = Release|Any CPU
		{DF717DDC-317E-4EB5-B9F3-AB247FD9CE00}.Release|x86.ActiveCfg = Release|Any CPU
		{4F12BB4A-7247-43F4-928D-46667F0D8B47}.Debug|Any CPU.ActiveCfg = Debug|x86
		{4F12BB4A-7247-43F4-928D-46667F0D8B47}.Debug|Mixed Platforms.ActiveCfg = Debug|x86
		{4F12BB4A-7247-43F4-928D-46667F0D8B47}.Debug|Mixed Platforms.Build.0 = Debug|x86
		{4F12BB4A-7247-43F4-928D-46667F0D8B47}.Debug|x86.ActiveCfg = Debug|x86
		{4F12BB4A-7247-43F4-928D-46667F0D8B47}.Debug|x86.Build.0 = Debug|x86
		{4F12BB4A-7247-43F4-928D-46667F0D8B47}.Release|Any CPU.ActiveCfg = Release|x86
		{4F12BB4A-7247-43F4-928D-46667F0D8B47}.Release|Mixed Platforms.ActiveCfg = Release|x86
		{4F12BB4A-7247-43F4-928D-46667F0D8B47}.Release|Mixed Platforms.Build.0 = Release|x86
		{4F12BB4A-7247-43F4-928D-46667F0D8B47}.Release|x86.ActiveCfg = Release|x86
		{4F12BB4A-7247-43F4-928D-46667F0D8B47}.Release|x86.Build.0 = Release|x86
	EndGlobalSection
	GlobalSection(SolutionProperties) = preSolution
		HideSolutionNode = FALSE
	EndGlobalSection
EndGlobal
